
Microsoft Visual Studio Solution File, Format Version 12.00
# Visual Studio Version 17
VisualStudioVersion = 17.9.34723.18
MinimumVisualStudioVersion = 10.0.40219.1
Project("{FAE04EC0-301F-11D3-BF4B-00C04F79EFBC}") = "Couchbase.Demoes", "Couchbase.Demoes\Couchbase.Demoes.csproj", "{B3895D09-0DE0-4C30-AAFF-9BA9100EED7F}"
EndProject
Global
	GlobalSection(SolutionConfigurationPlatforms) = preSolution
		Debug|Any CPU = Debug|Any CPU
		Release|Any CPU = Release|Any CPU
	EndGlobalSection
	GlobalSection(ProjectConfigurationPlatforms) = postSolution
		{B3895D09-0DE0-4C30-AAFF-9BA9100EED7F}.Debug|Any CPU.ActiveCfg = Debug|Any CPU
		{B3895D09-0DE0-4C30-AAFF-9BA9100EED7F}.Debug|Any CPU.Build.0 = Debug|Any CPU
		{B3895D09-0DE0-4C30-AAFF-9BA9100EED7F}.Release|Any CPU.ActiveCfg = Release|Any CPU
		{B3895D09-0DE0-4C30-AAFF-9BA9100EED7F}.Release|Any CPU.Build.0 = Release|Any CPU
	EndGlobalSection
	GlobalSection(SolutionProperties) = preSolution
		HideSolutionNode = FALSE
	EndGlobalSection
	GlobalSection(ExtensibilityGlobals) = postSolution
		SolutionGuid = {DB8C7E1F-211F-45A5-BDB8-0936BC5D6637}
	EndGlobalSection
EndGlobal
